PODS:
  - MyCocoapodsLibrary (0.1.0)

DEPENDENCIES:
  - MyCocoapodsLibrary (from `../`)

EXTERNAL SOURCES:
  MyCocoapodsLibrary:
    :path: "../"

SPEC CHECKSUMS:
  MyCocoapodsLibrary: 66d551871760ebeb2859091b312d6f0c26564f91

PODFILE CHECKSUM: c4a38c615c87fc11dd45287cabeacce66a5678f9

COCOAPODS: 1.15.2
